
Microsoft Visual Studio Solution File, Format Version 12.00
# Visual Studio 15
VisualStudioVersion = 15.0.28307.852
MinimumVisualStudioVersion = 10.0.40219.1
Project("{FAE04EC0-301F-11D3-BF4B-00C04F79EFBC}") = "App", "App\App.csproj", "{A949F69A-AE16-44B0-88D4-6A5731F6EC70}"
EndProject
Project("{FAE04EC0-301F-11D3-BF4B-00C04F79EFBC}") = "Test", "Test\Test.csproj", "{23FFC315-4831-4630-A7EB-AC92D20EDCFD}"
EndProject
Global
	GlobalSection(SolutionConfigurationPlatforms) = preSolution
		Debug|Any CPU = Debug|Any CPU
		Release|Any CPU = Release|Any CPU
	EndGlobalSection
	GlobalSection(ProjectConfigurationPlatforms) = postSolution
		{A949F69A-AE16-44B0-88D4-6A5731F6EC70}.Debug|Any CPU.ActiveCfg = Debug|Any CPU
		{A949F69A-AE16-44B0-88D4-6A5731F6EC70}.Debug|Any CPU.Build.0 = Debug|Any CPU
		{A949F69A-AE16-44B0-88D4-6A5731F6EC70}.Release|Any CPU.ActiveCfg = Release|Any CPU
		{A949F69A-AE16-44B0-88D4-6A5731F6EC70}.Release|Any CPU.Build.0 = Release|Any CPU
		{23FFC315-4831-4630-A7EB-AC92D20EDCFD}.Debug|Any CPU.ActiveCfg = Debug|Any CPU
		{23FFC315-4831-4630-A7EB-AC92D20EDCFD}.Debug|Any CPU.Build.0 = Debug|Any CPU
		{23FFC315-4831-4630-A7EB-AC92D20EDCFD}.Release|Any CPU.ActiveCfg = Release|Any CPU
		{23FFC315-4831-4630-A7EB-AC92D20EDCFD}.Release|Any CPU.Build.0 = Release|Any CPU
	EndGlobalSection
	GlobalSection(SolutionProperties) = preSolution
		HideSolutionNode = FALSE
	EndGlobalSection
	GlobalSection(ExtensibilityGlobals) = postSolution
		SolutionGuid = {A8E10D91-26CB-46E1-B542-897014725DFC}
	EndGlobalSection
EndGlobal
